
Microsoft Visual Studio Solution File, Format Version 12.00
# Visual Studio Version 16
VisualStudioVersion = 16.0.29215.179
MinimumVisualStudioVersion = 10.0.40219.1
Project("{9A19103F-16F7-4668-BE54-9A1E7A4F7556}") = "SharedStatsDisplay", "SharedStatsDisplay\SharedStatsDisplay.csproj", "{4817781B-9BA4-4D80-816F-548F5D4D7303}"
EndProject
Project("{FAE04EC0-301F-11D3-BF4B-00C04F79EFBC}") = "Testing", "Testing\Testing.csproj", "{5608CC5A-FFD2-4F55-8F0E-520C233CDEB2}"
EndProject
Global
	GlobalSection(SolutionConfigurationPlatforms) = preSolution
		Debug|Any CPU = Debug|Any CPU
		Debug|x64 = Debug|x64
		Debug|x86 = Debug|x86
		Release|Any CPU = Release|Any CPU
		Release|x64 = Release|x64
		Release|x86 = Release|x86
	EndGlobalSection
	GlobalSection(ProjectConfigurationPlatforms) = postSolution
		{4817781B-9BA4-4D80-816F-548F5D4D7303}.Debug|Any CPU.ActiveCfg = Debug|Any CPU
		{4817781B-9BA4-4D80-816F-548F5D4D7303}.Debug|Any CPU.Build.0 = Debug|Any CPU
		{4817781B-9BA4-4D80-816F-548F5D4D7303}.Debug|x64.ActiveCfg = Debug|Any CPU
		{4817781B-9BA4-4D80-816F-548F5D4D7303}.Debug|x64.Build.0 = Debug|Any CPU
		{4817781B-9BA4-4D80-816F-548F5D4D7303}.Debug|x86.ActiveCfg = Debug|Any CPU
		{4817781B-9BA4-4D80-816F-548F5D4D7303}.Debug|x86.Build.0 = Debug|Any CPU
		{4817781B-9BA4-4D80-816F-548F5D4D7303}.Release|Any CPU.ActiveCfg = Release|Any CPU
		{4817781B-9BA4-4D80-816F-548F5D4D7303}.Release|Any CPU.Build.0 = Release|Any CPU
		{4817781B-9BA4-4D80-816F-548F5D4D7303}.Release|x64.ActiveCfg = Release|Any CPU
		{4817781B-9BA4-4D80-816F-548F5D4D7303}.Release|x64.Build.0 = Release|Any CPU
		{4817781B-9BA4-4D80-816F-548F5D4D7303}.Release|x86.ActiveCfg = Release|Any CPU
		{4817781B-9BA4-4D80-816F-548F5D4D7303}.Release|x86.Build.0 = Release|Any CPU
		{5608CC5A-FFD2-4F55-8F0E-520C233CDEB2}.Debug|Any CPU.ActiveCfg = Debug|Any CPU
		{5608CC5A-FFD2-4F55-8F0E-520C233CDEB2}.Debug|Any CPU.Build.0 = Debug|Any CPU
		{5608CC5A-FFD2-4F55-8F0E-520C233CDEB2}.Debug|x64.ActiveCfg = Debug|Any CPU
		{5608CC5A-FFD2-4F55-8F0E-520C233CDEB2}.Debug|x64.Build.0 = Debug|Any CPU
		{5608CC5A-FFD2-4F55-8F0E-520C233CDEB2}.Debug|x86.ActiveCfg = Debug|Any CPU
		{5608CC5A-FFD2-4F55-8F0E-520C233CDEB2}.Debug|x86.Build.0 = Debug|Any CPU
		{5608CC5A-FFD2-4F55-8F0E-520C233CDEB2}.Release|Any CPU.ActiveCfg = Release|Any CPU
		{5608CC5A-FFD2-4F55-8F0E-520C233CDEB2}.Release|Any CPU.Build.0 = Release|Any CPU
		{5608CC5A-FFD2-4F55-8F0E-520C233CDEB2}.Release|x64.ActiveCfg = Release|Any CPU
		{5608CC5A-FFD2-4F55-8F0E-520C233CDEB2}.Release|x64.Build.0 = Release|Any CPU
		{5608CC5A-FFD2-4F55-8F0E-520C233CDEB2}.Release|x86.ActiveCfg = Release|Any CPU
		{5608CC5A-FFD2-4F55-8F0E-520C233CDEB2}.Release|x86.Build.0 = Release|Any CPU
	EndGlobalSection
	GlobalSection(SolutionProperties) = preSolution
		HideSolutionNode = FALSE
	EndGlobalSection
	GlobalSection(ExtensibilityGlobals) = postSolution
		SolutionGuid = {72FFCFC6-A2E0-41A6-AF58-76C8BBF3B909}
	EndGlobalSection
EndGlobal
